# This file is automatically @generated by Cargo.
# It is not intended for manual editing.
version = 4

[[package]]
name = "event-core"
version = "0.1.0"

[[package]]
name = "persistence-core"
version = "0.1.0"
dependencies = [
 "event-core",
]

[[package]]
name = "transport-core"
version = "0.1.0"

[[package]]
name = "transport-simulator"
version = "0.1.0"
dependencies = [
 "transport-core",
]
